# This file is automatically @generated by Cargo.
# It is not intended for manual editing.
version = 4

[[package]]
name = "sceno"
version = "0.0.1"

[[package]]
name = "scenograph"
version = "0.0.1"
dependencies = [
 "sceno",
 "scenomise",
 "scenotime",
]

[[package]]
name = "scenomise"
version = "0.0.1"

[[package]]
name = "scenotime"
version = "0.0.1"
